
Microsoft Visual Studio Solution File, Format Version 12.00
# Visual Studio Version 17
VisualStudioVersion = 17.10.35004.147
MinimumVisualStudioVersion = 10.0.40219.1
Project("{FAE04EC0-301F-11D3-BF4B-00C04F79EFBC}") = "WebApplication1", "WebApplication1.csproj", "{BCFA7688-40E8-4904-B45C-8C0EF2DEB7E3}"
EndProject
Global
	GlobalSection(SolutionConfigurationPlatforms) = preSolution
		Debug|Any CPU = Debug|Any CPU
		Release|Any CPU = Release|Any CPU
	EndGlobalSection
	GlobalSection(ProjectConfigurationPlatforms) = postSolution
		{BCFA7688-40E8-4904-B45C-8C0EF2DEB7E3}.Debug|Any CPU.ActiveCfg = Debug|Any CPU
		{BCFA7688-40E8-4904-B45C-8C0EF2DEB7E3}.Debug|Any CPU.Build.0 = Debug|Any CPU
		{BCFA7688-40E8-4904-B45C-8C0EF2DEB7E3}.Release|Any CPU.ActiveCfg = Release|Any CPU
		{BCFA7688-40E8-4904-B45C-8C0EF2DEB7E3}.Release|Any CPU.Build.0 = Release|Any CPU
	EndGlobalSection
	GlobalSection(SolutionProperties) = preSolution
		HideSolutionNode = FALSE
	EndGlobalSection
	GlobalSection(ExtensibilityGlobals) = postSolution
		SolutionGuid = {C654D738-69A7-4CDC-AC4D-AE703298EE69}
	EndGlobalSection
EndGlobal
